
Microsoft Visual Studio Solution File, Format Version 12.00
# Visual Studio Version 17
VisualStudioVersion = 17.9.34902.65
MinimumVisualStudioVersion = 10.0.40219.1
Project("{9A19103F-16F7-4668-BE54-9A1E7A4F7556}") = "UserProvider", "UserProvider\UserProvider.csproj", "{806B7E21-BB1B-4472-90A5-835E2ABAF147}"
EndProject
Project("{9A19103F-16F7-4668-BE54-9A1E7A4F7556}") = "Data", "Data\Data.csproj", "{9F951363-166A-40B3-9E49-0510FF400213}"
EndProject
Global
	GlobalSection(SolutionConfigurationPlatforms) = preSolution
		Debug|Any CPU = Debug|Any CPU
		Release|Any CPU = Release|Any CPU
	EndGlobalSection
	GlobalSection(ProjectConfigurationPlatforms) = postSolution
		{806B7E21-BB1B-4472-90A5-835E2ABAF147}.Debug|Any CPU.ActiveCfg = Debug|Any CPU
		{806B7E21-BB1B-4472-90A5-835E2ABAF147}.Debug|Any CPU.Build.0 = Debug|Any CPU
		{806B7E21-BB1B-4472-90A5-835E2ABAF147}.Release|Any CPU.ActiveCfg = Release|Any CPU
		{806B7E21-BB1B-4472-90A5-835E2ABAF147}.Release|Any CPU.Build.0 = Release|Any CPU
		{9F951363-166A-40B3-9E49-0510FF400213}.Debug|Any CPU.ActiveCfg = Debug|Any CPU
		{9F951363-166A-40B3-9E49-0510FF400213}.Debug|Any CPU.Build.0 = Debug|Any CPU
		{9F951363-166A-40B3-9E49-0510FF400213}.Release|Any CPU.ActiveCfg = Release|Any CPU
		{9F951363-166A-40B3-9E49-0510FF400213}.Release|Any CPU.Build.0 = Release|Any CPU
	EndGlobalSection
	GlobalSection(SolutionProperties) = preSolution
		HideSolutionNode = FALSE
	EndGlobalSection
	GlobalSection(ExtensibilityGlobals) = postSolution
		SolutionGuid = {ECBF18A9-D73B-4F71-BE29-EC49281EC89C}
	EndGlobalSection
EndGlobal
